schema: '2.0'
stages:
  data_ingestion:
    cmd: python src/Deep_Classifier/pipeline/stage_01_data_ingestion.py
    deps:
    - path: configs/config.yaml
      md5: 4f5c2c0bef8cc2a9547b903a7ee3251b
      size: 828
    - path: src/Deep_Classifier/pipeline/stage_01_data_ingestion.py
      md5: a1bbe122e831c566fd3d149217c5c110
      size: 702
    outs:
    - path: artifacts/data_ingestion/PetImages
      md5: 3a5cf86541f22c236620ce5b952ad684.dir
      size: 848866410
      nfiles: 24998
